
Microsoft Visual Studio Solution File, Format Version 12.00
# Visual Studio 15
VisualStudioVersion = 15.0.28010.2046
MinimumVisualStudioVersion = 10.0.40219.1
Project("{FAE04EC0-301F-11D3-BF4B-00C04F79EFBC}") = "Server", "Server\Server.csproj", "{C9DA85E0-DC73-4654-BC70-49B89D6C3CA1}"
EndProject
Project("{FAE04EC0-301F-11D3-BF4B-00C04F79EFBC}") = "Client", "Client\Client.csproj", "{DC99BF2D-644F-405B-B821-3432B9A13346}"
EndProject
Global
	GlobalSection(SolutionConfigurationPlatforms) = preSolution
		Debug|Any CPU = Debug|Any CPU
		Release|Any CPU = Release|Any CPU
	EndGlobalSection
	GlobalSection(ProjectConfigurationPlatforms) = postSolution
		{C9DA85E0-DC73-4654-BC70-49B89D6C3CA1}.Debug|Any CPU.ActiveCfg = Debug|Any CPU
		{C9DA85E0-DC73-4654-BC70-49B89D6C3CA1}.Debug|Any CPU.Build.0 = Debug|Any CPU
		{C9DA85E0-DC73-4654-BC70-49B89D6C3CA1}.Release|Any CPU.ActiveCfg = Release|Any CPU
		{C9DA85E0-DC73-4654-BC70-49B89D6C3CA1}.Release|Any CPU.Build.0 = Release|Any CPU
		{DC99BF2D-644F-405B-B821-3432B9A13346}.Debug|Any CPU.ActiveCfg = Debug|Any CPU
		{DC99BF2D-644F-405B-B821-3432B9A13346}.Debug|Any CPU.Build.0 = Debug|Any CPU
		{DC99BF2D-644F-405B-B821-3432B9A13346}.Release|Any CPU.ActiveCfg = Release|Any CPU
		{DC99BF2D-644F-405B-B821-3432B9A13346}.Release|Any CPU.Build.0 = Release|Any CPU
	EndGlobalSection
	GlobalSection(SolutionProperties) = preSolution
		HideSolutionNode = FALSE
	EndGlobalSection
	GlobalSection(ExtensibilityGlobals) = postSolution
		SolutionGuid = {16C44AD2-9624-48F0-B504-B9CB6F81BC30}
	EndGlobalSection
EndGlobal
